
Microsoft Visual Studio Solution File, Format Version 12.00
# Visual Studio 15
VisualStudioVersion = 15.0.28307.421
MinimumVisualStudioVersion = 10.0.40219.1
Project("{2150E333-8FDC-42A3-9474-1A3956D46DE8}") = "02 - Data Access", "02 - Data Access", "{96BECF13-DC08-4D3D-964A-4F1CB7C9D09D}"
EndProject
Project("{2150E333-8FDC-42A3-9474-1A3956D46DE8}") = "04 - WebAPI", "04 - WebAPI", "{119E9C8E-CDE1-4F8C-BAEF-8849CA16E96D}"
EndProject
Project("{2150E333-8FDC-42A3-9474-1A3956D46DE8}") = "05 - UI", "05 - UI", "{CF25D410-93FE-4D1E-8A8A-EC80C091DFF9}"
EndProject
Project("{FAE04EC0-301F-11D3-BF4B-00C04F79EFBC}") = "CM.Core", "CM.Core\CM.Core.csproj", "{AACCE3E7-0D5A-48DE-884E-1946FC180AFE}"
EndProject
Project("{2150E333-8FDC-42A3-9474-1A3956D46DE8}") = "01 - Core", "01 - Core", "{7BC40F59-C3B5-415A-BBB0-1B40F6AD98B0}"
EndProject
Project("{2150E333-8FDC-42A3-9474-1A3956D46DE8}") = "03 - Domain", "03 - Domain", "{C70ADA81-0CED-498B-A9FD-016FED49DDC0}"
EndProject
Project("{FAE04EC0-301F-11D3-BF4B-00C04F79EFBC}") = "CM.WebApi", "CM.WebApi\CM.WebApi.csproj", "{7C71CDAB-598F-4DCB-9EDA-EAE85A4105B8}"
EndProject
Project("{FAE04EC0-301F-11D3-BF4B-00C04F79EFBC}") = "CM.Domain", "CM.Domain\CM.Domain.csproj", "{4B8C3221-89B3-4C6A-A9DA-EC174F0AFD35}"
EndProject
Project("{FAE04EC0-301F-11D3-BF4B-00C04F79EFBC}") = "CM.DataAccess", "CM.DataAccess\CM.DataAccess.csproj", "{097A632A-3A19-4F72-8318-BFE0314F8B9C}"
EndProject
Project("{FAE04EC0-301F-11D3-BF4B-00C04F79EFBC}") = "CM.UI.Model", "CM.UI.Model\CM.UI.Model.csproj", "{9E4D3F5D-6DE9-4379-B99E-67F9CAF81CF9}"
EndProject
Project("{FAE04EC0-301F-11D3-BF4B-00C04F79EFBC}") = "CM.UI.Desktop", "CM.UI.Desktop\CM.UI.Desktop.csproj", "{ED241B7D-5BA6-4992-BAB9-0516D5F539C2}"
EndProject
Global
	GlobalSection(SolutionConfigurationPlatforms) = preSolution
		Debug|Any CPU = Debug|Any CPU
		Release|Any CPU = Release|Any CPU
	EndGlobalSection
	GlobalSection(ProjectConfigurationPlatforms) = postSolution
		{AACCE3E7-0D5A-48DE-884E-1946FC180AFE}.Debug|Any CPU.ActiveCfg = Debug|Any CPU
		{AACCE3E7-0D5A-48DE-884E-1946FC180AFE}.Debug|Any CPU.Build.0 = Debug|Any CPU
		{AACCE3E7-0D5A-48DE-884E-1946FC180AFE}.Release|Any CPU.ActiveCfg = Release|Any CPU
		{AACCE3E7-0D5A-48DE-884E-1946FC180AFE}.Release|Any CPU.Build.0 = Release|Any CPU
		{7C71CDAB-598F-4DCB-9EDA-EAE85A4105B8}.Debug|Any CPU.ActiveCfg = Debug|Any CPU
		{7C71CDAB-598F-4DCB-9EDA-EAE85A4105B8}.Debug|Any CPU.Build.0 = Debug|Any CPU
		{7C71CDAB-598F-4DCB-9EDA-EAE85A4105B8}.Release|Any CPU.ActiveCfg = Release|Any CPU
		{7C71CDAB-598F-4DCB-9EDA-EAE85A4105B8}.Release|Any CPU.Build.0 = Release|Any CPU
		{4B8C3221-89B3-4C6A-A9DA-EC174F0AFD35}.Debug|Any CPU.ActiveCfg = Debug|Any CPU
		{4B8C3221-89B3-4C6A-A9DA-EC174F0AFD35}.Debug|Any CPU.Build.0 = Debug|Any CPU
		{4B8C3221-89B3-4C6A-A9DA-EC174F0AFD35}.Release|Any CPU.ActiveCfg = Release|Any CPU
		{4B8C3221-89B3-4C6A-A9DA-EC174F0AFD35}.Release|Any CPU.Build.0 = Release|Any CPU
		{097A632A-3A19-4F72-8318-BFE0314F8B9C}.Debug|Any CPU.ActiveCfg = Debug|Any CPU
		{097A632A-3A19-4F72-8318-BFE0314F8B9C}.Debug|Any CPU.Build.0 = Debug|Any CPU
		{097A632A-3A19-4F72-8318-BFE0314F8B9C}.Release|Any CPU.ActiveCfg = Release|Any CPU
		{097A632A-3A19-4F72-8318-BFE0314F8B9C}.Release|Any CPU.Build.0 = Release|Any CPU
		{9E4D3F5D-6DE9-4379-B99E-67F9CAF81CF9}.Debug|Any CPU.ActiveCfg = Debug|Any CPU
		{9E4D3F5D-6DE9-4379-B99E-67F9CAF81CF9}.Debug|Any CPU.Build.0 = Debug|Any CPU
		{9E4D3F5D-6DE9-4379-B99E-67F9CAF81CF9}.Release|Any CPU.ActiveCfg = Release|Any CPU
		{9E4D3F5D-6DE9-4379-B99E-67F9CAF81CF9}.Release|Any CPU.Build.0 = Release|Any CPU
		{ED241B7D-5BA6-4992-BAB9-0516D5F539C2}.Debug|Any CPU.ActiveCfg = Debug|Any CPU
		{ED241B7D-5BA6-4992-BAB9-0516D5F539C2}.Debug|Any CPU.Build.0 = Debug|Any CPU
		{ED241B7D-5BA6-4992-BAB9-0516D5F539C2}.Release|Any CPU.ActiveCfg = Release|Any CPU
		{ED241B7D-5BA6-4992-BAB9-0516D5F539C2}.Release|Any CPU.Build.0 = Release|Any CPU
	EndGlobalSection
	GlobalSection(SolutionProperties) = preSolution
		HideSolutionNode = FALSE
	EndGlobalSection
	GlobalSection(NestedProjects) = preSolution
		{AACCE3E7-0D5A-48DE-884E-1946FC180AFE} = {7BC40F59-C3B5-415A-BBB0-1B40F6AD98B0}
		{7C71CDAB-598F-4DCB-9EDA-EAE85A4105B8} = {119E9C8E-CDE1-4F8C-BAEF-8849CA16E96D}
		{4B8C3221-89B3-4C6A-A9DA-EC174F0AFD35} = {C70ADA81-0CED-498B-A9FD-016FED49DDC0}
		{097A632A-3A19-4F72-8318-BFE0314F8B9C} = {96BECF13-DC08-4D3D-964A-4F1CB7C9D09D}
		{9E4D3F5D-6DE9-4379-B99E-67F9CAF81CF9} = {CF25D410-93FE-4D1E-8A8A-EC80C091DFF9}
		{ED241B7D-5BA6-4992-BAB9-0516D5F539C2} = {CF25D410-93FE-4D1E-8A8A-EC80C091DFF9}
	EndGlobalSection
	GlobalSection(ExtensibilityGlobals) = postSolution
		SolutionGuid = {C50A4D63-C8FE-4FDA-BB9A-54F9C8280FA6}
	EndGlobalSection
EndGlobal
